
Microsoft Visual Studio Solution File, Format Version 12.00
# Visual Studio Version 16
VisualStudioVersion = 16.0.28729.10
MinimumVisualStudioVersion = 10.0.40219.1
Project("{FAE04EC0-301F-11D3-BF4B-00C04F79EFBC}") = "CircleComponent", "CircleComponent\CircleComponent.csproj", "{245DF387-871A-4D4E-B339-717C4BF64FAA}"
EndProject
Global
	GlobalSection(SolutionConfigurationPlatforms) = preSolution
		Debug|Any CPU = Debug|Any CPU
		Release|Any CPU = Release|Any CPU
	EndGlobalSection
	GlobalSection(ProjectConfigurationPlatforms) = postSolution
		{245DF387-871A-4D4E-B339-717C4BF64FAA}.Debug|Any CPU.ActiveCfg = Debug|Any CPU
		{245DF387-871A-4D4E-B339-717C4BF64FAA}.Debug|Any CPU.Build.0 = Debug|Any CPU
		{245DF387-871A-4D4E-B339-717C4BF64FAA}.Release|Any CPU.ActiveCfg = Release|Any CPU
		{245DF387-871A-4D4E-B339-717C4BF64FAA}.Release|Any CPU.Build.0 = Release|Any CPU
	EndGlobalSection
	GlobalSection(SolutionProperties) = preSolution
		HideSolutionNode = FALSE
	EndGlobalSection
	GlobalSection(ExtensibilityGlobals) = postSolution
		SolutionGuid = {D21FE25C-C290-4E91-BC61-20114E38E7BD}
	EndGlobalSection
EndGlobal
